
Microsoft Visual Studio Solution File, Format Version 12.00
# Visual Studio Version 17
VisualStudioVersion = 17.9.34728.123
MinimumVisualStudioVersion = 10.0.40219.1
Project("{FAE04EC0-301F-11D3-BF4B-00C04F79EFBC}") = "TestOdbcConnection", "TestOdbcConnection\TestOdbcConnection.csproj", "{4C0E8184-A1EB-45D2-919E-D918F7622FEA}"
EndProject
Global
	GlobalSection(SolutionConfigurationPlatforms) = preSolution
		Debug|Any CPU = Debug|Any CPU
		Release|Any CPU = Release|Any CPU
	EndGlobalSection
	GlobalSection(ProjectConfigurationPlatforms) = postSolution
		{4C0E8184-A1EB-45D2-919E-D918F7622FEA}.Debug|Any CPU.ActiveCfg = Debug|Any CPU
		{4C0E8184-A1EB-45D2-919E-D918F7622FEA}.Debug|Any CPU.Build.0 = Debug|Any CPU
		{4C0E8184-A1EB-45D2-919E-D918F7622FEA}.Release|Any CPU.ActiveCfg = Release|Any CPU
		{4C0E8184-A1EB-45D2-919E-D918F7622FEA}.Release|Any CPU.Build.0 = Release|Any CPU
	EndGlobalSection
	GlobalSection(SolutionProperties) = preSolution
		HideSolutionNode = FALSE
	EndGlobalSection
	GlobalSection(ExtensibilityGlobals) = postSolution
		SolutionGuid = {55A341B8-7F40-4B75-8732-76886D09D76B}
	EndGlobalSection
EndGlobal
